
Microsoft Visual Studio Solution File, Format Version 12.00
# Visual Studio Version 17
VisualStudioVersion = 17.5.002.0
MinimumVisualStudioVersion = 10.0.40219.1
Project("{9A19103F-16F7-4668-BE54-9A1E7A4F7556}") = "TodoApi", "TodoApi.csproj", "{08E1A995-258F-4995-9F41-804D1F7DF0E0}"
EndProject
Global
	GlobalSection(SolutionConfigurationPlatforms) = preSolution
		Debug|Any CPU = Debug|Any CPU
		Release|Any CPU = Release|Any CPU
	EndGlobalSection
	GlobalSection(ProjectConfigurationPlatforms) = postSolution
		{08E1A995-258F-4995-9F41-804D1F7DF0E0}.Debug|Any CPU.ActiveCfg = Debug|Any CPU
		{08E1A995-258F-4995-9F41-804D1F7DF0E0}.Debug|Any CPU.Build.0 = Debug|Any CPU
		{08E1A995-258F-4995-9F41-804D1F7DF0E0}.Release|Any CPU.ActiveCfg = Release|Any CPU
		{08E1A995-258F-4995-9F41-804D1F7DF0E0}.Release|Any CPU.Build.0 = Release|Any CPU
	EndGlobalSection
	GlobalSection(SolutionProperties) = preSolution
		HideSolutionNode = FALSE
	EndGlobalSection
	GlobalSection(ExtensibilityGlobals) = postSolution
		SolutionGuid = {7D13D91A-664A-488A-97A8-94C4F3D1B055}
	EndGlobalSection
EndGlobal
